
Microsoft Visual Studio Solution File, Format Version 12.00
# Visual Studio 15
VisualStudioVersion = 15.0.28010.2046
MinimumVisualStudioVersion = 10.0.40219.1
Project("{FAE04EC0-301F-11D3-BF4B-00C04F79EFBC}") = "ConsoleApp2", "..\..\Classes\Classes\classes2\classes2\Task 2 - Net salary\ConsoleApp2\ConsoleApp2\ConsoleApp2.csproj", "{5CBF0BCB-FBBE-4A3F-BCE8-E437EFDEAAFD}"
EndProject
Global
	GlobalSection(SolutionConfigurationPlatforms) = preSolution
		Debug|Any CPU = Debug|Any CPU
		Release|Any CPU = Release|Any CPU
	EndGlobalSection
	GlobalSection(ProjectConfigurationPlatforms) = postSolution
		{5CBF0BCB-FBBE-4A3F-BCE8-E437EFDEAAFD}.Debug|Any CPU.ActiveCfg = Debug|Any CPU
		{5CBF0BCB-FBBE-4A3F-BCE8-E437EFDEAAFD}.Debug|Any CPU.Build.0 = Debug|Any CPU
		{5CBF0BCB-FBBE-4A3F-BCE8-E437EFDEAAFD}.Release|Any CPU.ActiveCfg = Release|Any CPU
		{5CBF0BCB-FBBE-4A3F-BCE8-E437EFDEAAFD}.Release|Any CPU.Build.0 = Release|Any CPU
	EndGlobalSection
	GlobalSection(SolutionProperties) = preSolution
		HideSolutionNode = FALSE
	EndGlobalSection
	GlobalSection(ExtensibilityGlobals) = postSolution
		SolutionGuid = {00053AE4-B6AE-4AFB-AB9F-AD3EFB19956D}
	EndGlobalSection
EndGlobal
